
Microsoft Visual Studio Solution File, Format Version 12.00
# Visual Studio Version 17
VisualStudioVersion = 17.8.34408.163
MinimumVisualStudioVersion = 10.0.40219.1
Project("{FAE04EC0-301F-11D3-BF4B-00C04F79EFBC}") = "Attendance", "Attendance.csproj", "{89655574-84BE-4139-A520-048920DADEEA}"
EndProject
Global
	GlobalSection(SolutionConfigurationPlatforms) = preSolution
		Debug|Any CPU = Debug|Any CPU
		Release|Any CPU = Release|Any CPU
	EndGlobalSection
	GlobalSection(ProjectConfigurationPlatforms) = postSolution
		{89655574-84BE-4139-A520-048920DADEEA}.Debug|Any CPU.ActiveCfg = Debug|Any CPU
		{89655574-84BE-4139-A520-048920DADEEA}.Debug|Any CPU.Build.0 = Debug|Any CPU
		{89655574-84BE-4139-A520-048920DADEEA}.Release|Any CPU.ActiveCfg = Release|Any CPU
		{89655574-84BE-4139-A520-048920DADEEA}.Release|Any CPU.Build.0 = Release|Any CPU
	EndGlobalSection
	GlobalSection(SolutionProperties) = preSolution
		HideSolutionNode = FALSE
	EndGlobalSection
	GlobalSection(ExtensibilityGlobals) = postSolution
		SolutionGuid = {A340621E-6F1A-459C-9C08-735DE43B0C84}
	EndGlobalSection
EndGlobal
